
Microsoft Visual Studio Solution File, Format Version 12.00
# Visual Studio 15
VisualStudioVersion = 15.0.28307.960
MinimumVisualStudioVersion = 10.0.40219.1
Project("{FAE04EC0-301F-11D3-BF4B-00C04F79EFBC}") = "Projeto_Vigilante", "Projeto_Vigilante\Projeto_Vigilante.csproj", "{B34E1AF5-452A-4872-88C7-E2CDF98DC474}"
EndProject
Global
	GlobalSection(SolutionConfigurationPlatforms) = preSolution
		Debug|Any CPU = Debug|Any CPU
		Release|Any CPU = Release|Any CPU
	EndGlobalSection
	GlobalSection(ProjectConfigurationPlatforms) = postSolution
		{B34E1AF5-452A-4872-88C7-E2CDF98DC474}.Debug|Any CPU.ActiveCfg = Debug|Any CPU
		{B34E1AF5-452A-4872-88C7-E2CDF98DC474}.Debug|Any CPU.Build.0 = Debug|Any CPU
		{B34E1AF5-452A-4872-88C7-E2CDF98DC474}.Release|Any CPU.ActiveCfg = Release|Any CPU
		{B34E1AF5-452A-4872-88C7-E2CDF98DC474}.Release|Any CPU.Build.0 = Release|Any CPU
	EndGlobalSection
	GlobalSection(SolutionProperties) = preSolution
		HideSolutionNode = FALSE
	EndGlobalSection
	GlobalSection(ExtensibilityGlobals) = postSolution
		SolutionGuid = {0CFDCBA4-BB42-4DFE-80B3-6B63E652AD3B}
	EndGlobalSection
EndGlobal
